// !$*UTF8*$!
{
	archiveVersion = 1;
	classes = {
	};
	objectVersion = 45;
	objects = {

/* Begin PBXBuildFile section */
		1DDD58160DA1D0A300B32029 /* MainMenu.xib in Resources */ = {isa = PBXBuildFile; fileRef = 1DDD58140DA1D0A300B32029 /* MainMenu.xib */; };
		531848CD1033858C00C0FFA4 /* newsfeed.png in Resources */ = {isa = PBXBuildFile; fileRef = 531848CC1033858C00C0FFA4 /* newsfeed.png */; };
		531848FC1033920400C0FFA4 /* profile.png in Resources */ = {isa = PBXBuildFile; fileRef = 531848FB1033920400C0FFA4 /* profile.png */; };
		5318490A103394CA00C0FFA4 /* notifications.png in Resources */ = {isa = PBXBuildFile; fileRef = 53184909103394CA00C0FFA4 /* notifications.png */; };
		53184B57103412FF00C0FFA4 /* status.xib in Resources */ = {isa = PBXBuildFile; fileRef = 53184B56103412FF00C0FFA4 /* status.xib */; };
		53184B601034147900C0FFA4 /* StatusUpdateWindow.m in Sources */ = {isa = PBXBuildFile; fileRef = 53184B5F1034147900C0FFA4 /* StatusUpdateWindow.m */; };
		53700DFE101E7C8C00BAD55B /* NSString-XML.m in Sources */ = {isa = PBXBuildFile; fileRef = 53700DFD101E7C8C00BAD55B /* NSString-XML.m */; };
		53F600F01021B13A00CAE806 /* bullet.png in Resources */ = {isa = PBXBuildFile; fileRef = 53F600EF1021B13A00CAE806 /* bullet.png */; };
		53F6FCB91021355700CAE806 /* fb_full.png in Resources */ = {isa = PBXBuildFile; fileRef = 53F6FCB81021355700CAE806 /* fb_full.png */; };
		53F6FCBB1021355C00CAE806 /* fb_active.png in Resources */ = {isa = PBXBuildFile; fileRef = 53F6FCBA1021355C00CAE806 /* fb_active.png */; };
		53F6FCBD1021356600CAE806 /* fb_empty.png in Resources */ = {isa = PBXBuildFile; fileRef = 53F6FCBC1021356600CAE806 /* fb_empty.png */; };
		53F6FCD5102136A300CAE806 /* MenuManager.m in Sources */ = {isa = PBXBuildFile; fileRef = 53F6FCD4102136A300CAE806 /* MenuManager.m */; };
		53F6FDEB10215E4000CAE806 /* NotificationManager.m in Sources */ = {isa = PBXBuildFile; fileRef = 53F6FDEA10215E4000CAE806 /* NotificationManager.m */; };
		8D11072B0486CEB800E47090 /* InfoPlist.strings in Resources */ = {isa = PBXBuildFile; fileRef = 089C165CFE840E0CC02AAC07 /* InfoPlist.strings */; };
		8D11072D0486CEB800E47090 /* main.m in Sources */ = {isa = PBXBuildFile; fileRef = 29B97316FDCFA39411CA2CEA /* main.m */; settings = {ATTRIBUTES = (); }; };
		8D11072F0486CEB800E47090 /* Cocoa.framework in Frameworks */ = {isa = PBXBuildFile; fileRef = 1058C7A1FEA54F0111CA2CBB /* Cocoa.framework */; };
		931F2015101E7A5F00ED25F6 /* FBNotification.m in Sources */ = {isa = PBXBuildFile; fileRef = 931F2014101E7A5F00ED25F6 /* FBNotification.m */; };
		93533C9310179981002C6CBD /* ApplicationController.m in Sources */ = {isa = PBXBuildFile; fileRef = 93533C9210179981002C6CBD /* ApplicationController.m */; };
		93533ED51017AD32002C6CBD /* FBCocoa.framework in Frameworks */ = {isa = PBXBuildFile; fileRef = 93533ED21017AD0C002C6CBD /* FBCocoa.framework */; };
		93533ED61017AD35002C6CBD /* FBCocoa.framework in CopyFiles */ = {isa = PBXBuildFile; fileRef = 93533ED21017AD0C002C6CBD /* FBCocoa.framework */; };
		935340461017F5CB002C6CBD /* QuartzCore.framework in Frameworks */ = {isa = PBXBuildFile; fileRef = 935340451017F5CB002C6CBD /* QuartzCore.framework */; };
		935340E81018CCAF002C6CBD /* ApplicationServices.framework in Frameworks */ = {isa = PBXBuildFile; fileRef = 935340E71018CCAF002C6CBD /* ApplicationServices.framework */; };
		9353430510192BB1002C6CBD /* BubbleWindow.m in Sources */ = {isa = PBXBuildFile; fileRef = 9353430410192BB1002C6CBD /* BubbleWindow.m */; };
		9353434510192D17002C6CBD /* BubbleView.m in Sources */ = {isa = PBXBuildFile; fileRef = 9353434410192D17002C6CBD /* BubbleView.m */; };
		935344ED101A253B002C6CBD /* BubbleManager.m in Sources */ = {isa = PBXBuildFile; fileRef = 935344EC101A253B002C6CBD /* BubbleManager.m */; };
/* End PBXBuildFile section */

/* Begin PBXContainerItemProxy section */
		93533ED11017AD0C002C6CBD /* PBXContainerItemProxy */ = {
			isa = PBXContainerItemProxy;
			containerPortal = 93533ECD1017AD0C002C6CBD /* FBCocoa.xcodeproj */;
			proxyType = 2;
			remoteGlobalIDString = 8DC2EF5B0486A6940098B216;
			remoteInfo = FBCocoa;
		};
		93533ED31017AD28002C6CBD /* PBXContainerItemProxy */ = {
			isa = PBXContainerItemProxy;
			containerPortal = 93533ECD1017AD0C002C6CBD /* FBCocoa.xcodeproj */;
			proxyType = 1;
			remoteGlobalIDString = 8DC2EF4F0486A6940098B216;
			remoteInfo = FBCocoa;
		};
/* End PBXContainerItemProxy section */

/* Begin PBXCopyFilesBuildPhase section */
		93533EA01017A9E1002C6CBD /* CopyFiles */ = {
			isa = PBXCopyFilesBuildPhase;
			buildActionMask = 2147483647;
			dstPath = "";
			dstSubfolderSpec = 10;
			files = (
				93533ED61017AD35002C6CBD /* FBCocoa.framework in CopyFiles */,
			);
			runOnlyForDeploymentPostprocessing = 0;
		};
/* End PBXCopyFilesBuildPhase section */

/* Begin PBXFileReference section */
		089C165DFE840E0CC02AAC07 /* English */ = {isa = PBXFileReference; fileEncoding = 10; lastKnownFileType = text.plist.strings; name = English; path = English.lproj/InfoPlist.strings; sourceTree = "<group>"; };
		1058C7A1FEA54F0111CA2CBB /* Cocoa.framework */ = {isa = PBXFileReference; lastKnownFileType = wrapper.framework; name = Cocoa.framework; path = /System/Library/Frameworks/Cocoa.framework; sourceTree = "<absolute>"; };
		13E42FB307B3F0F600E4EEF1 /* CoreData.framework */ = {isa = PBXFileReference; lastKnownFileType = wrapper.framework; name = CoreData.framework; path = /System/Library/Frameworks/CoreData.framework; sourceTree = "<absolute>"; };
		1DDD58150DA1D0A300B32029 /* English */ = {isa = PBXFileReference; lastKnownFileType = file.xib; name = English; path = English.lproj/MainMenu.xib; sourceTree = "<group>"; };
		29B97316FDCFA39411CA2CEA /* main.m */ = {isa = PBXFileReference; fileEncoding = 4; lastKnownFileType = sourcecode.c.objc; path = main.m; sourceTree = "<group>"; };
		29B97324FDCFA39411CA2CEA /* AppKit.framework */ = {isa = PBXFileReference; lastKnownFileType = wrapper.framework; name = AppKit.framework; path = /System/Library/Frameworks/AppKit.framework; sourceTree = "<absolute>"; };
		29B97325FDCFA39411CA2CEA /* Foundation.framework */ = {isa = PBXFileReference; lastKnownFileType = wrapper.framework; name = Foundation.framework; path = /System/Library/Frameworks/Foundation.framework; sourceTree = "<absolute>"; };
		32CA4F630368D1EE00C91783 /* Facebook_Prefix.pch */ = {isa = PBXFileReference; fileEncoding = 4; lastKnownFileType = sourcecode.c.h; path = Facebook_Prefix.pch; sourceTree = "<group>"; };
		531848CC1033858C00C0FFA4 /* newsfeed.png */ = {isa = PBXFileReference; lastKnownFileType = image.png; path = newsfeed.png; sourceTree = "<group>"; };
		531848FB1033920400C0FFA4 /* profile.png */ = {isa = PBXFileReference; lastKnownFileType = image.png; path = profile.png; sourceTree = "<group>"; };
		53184909103394CA00C0FFA4 /* notifications.png */ = {isa = PBXFileReference; lastKnownFileType = image.png; path = notifications.png; sourceTree = "<group>"; };
		531849EA1033D2FE00C0FFA4 /* BubbleDimensions.h */ = {isa = PBXFileReference; fileEncoding = 4; lastKnownFileType = sourcecode.c.h; path = BubbleDimensions.h; sourceTree = "<group>"; };
		53184B56103412FF00C0FFA4 /* status.xib */ = {isa = PBXFileReference; lastKnownFileType = file.xib; path = status.xib; sourceTree = "<group>"; };
		53184B5E1034147900C0FFA4 /* StatusUpdateWindow.h */ = {isa = PBXFileReference; fileEncoding = 4; lastKnownFileType = sourcecode.c.h; path = StatusUpdateWindow.h; sourceTree = "<group>"; };
		53184B5F1034147900C0FFA4 /* StatusUpdateWindow.m */ = {isa = PBXFileReference; fileEncoding = 4; lastKnownFileType = sourcecode.c.objc; path = StatusUpdateWindow.m; sourceTree = "<group>"; };
		53700DFB101E7C1300BAD55B /* NSString-XML.h */ = {isa = PBXFileReference; fileEncoding = 4; lastKnownFileType = sourcecode.c.h; path = "NSString-XML.h"; sourceTree = "<group>"; };
		53700DFD101E7C8C00BAD55B /* NSString-XML.m */ = {isa = PBXFileReference; fileEncoding = 4; lastKnownFileType = sourcecode.c.objc; path = "NSString-XML.m"; sourceTree = "<group>"; };
		53F600EF1021B13A00CAE806 /* bullet.png */ = {isa = PBXFileReference; lastKnownFileType = image.png; path = bullet.png; sourceTree = "<group>"; };
		53F6029A1021CD5600CAE806 /* NotificationResponder.h */ = {isa = PBXFileReference; fileEncoding = 4; lastKnownFileType = sourcecode.c.h; path = NotificationResponder.h; sourceTree = "<group>"; };
		53F6FB031020EFFD00CAE806 /* secret.h */ = {isa = PBXFileReference; fileEncoding = 4; lastKnownFileType = sourcecode.c.h; path = secret.h; sourceTree = "<group>"; };
		53F6FCB81021355700CAE806 /* fb_full.png */ = {isa = PBXFileReference; lastKnownFileType = image.png; path = fb_full.png; sourceTree = "<group>"; };
		53F6FCBA1021355C00CAE806 /* fb_active.png */ = {isa = PBXFileReference; lastKnownFileType = image.png; path = fb_active.png; sourceTree = "<group>"; };
		53F6FCBC1021356600CAE806 /* fb_empty.png */ = {isa = PBXFileReference; lastKnownFileType = image.png; path = fb_empty.png; sourceTree = "<group>"; };
		53F6FCD3102136A300CAE806 /* MenuManager.h */ = {isa = PBXFileReference; fileEncoding = 4; lastKnownFileType = sourcecode.c.h; path = MenuManager.h; sourceTree = "<group>"; };
		53F6FCD4102136A300CAE806 /* MenuManager.m */ = {isa = PBXFileReference; fileEncoding = 4; lastKnownFileType = sourcecode.c.objc; path = MenuManager.m; sourceTree = "<group>"; };
		53F6FDE910215E4000CAE806 /* NotificationManager.h */ = {isa = PBXFileReference; fileEncoding = 4; lastKnownFileType = sourcecode.c.h; path = NotificationManager.h; sourceTree = "<group>"; };
		53F6FDEA10215E4000CAE806 /* NotificationManager.m */ = {isa = PBXFileReference; fileEncoding = 4; lastKnownFileType = sourcecode.c.objc; path = NotificationManager.m; sourceTree = "<group>"; };
		8D1107310486CEB800E47090 /* Info.plist */ = {isa = PBXFileReference; fileEncoding = 4; lastKnownFileType = text.plist.xml; path = Info.plist; sourceTree = "<group>"; };
		8D1107320486CEB800E47090 /* Facebook Notifications.app */ = {isa = PBXFileReference; explicitFileType = wrapper.application; includeInIndex = 0; path = "Facebook Notifications.app"; sourceTree = BUILT_PRODUCTS_DIR; };
		931F2013101E7A5F00ED25F6 /* FBNotification.h */ = {isa = PBXFileReference; fileEncoding = 4; lastKnownFileType = sourcecode.c.h; path = FBNotification.h; sourceTree = "<group>"; };
		931F2014101E7A5F00ED25F6 /* FBNotification.m */ = {isa = PBXFileReference; fileEncoding = 4; lastKnownFileType = sourcecode.c.objc; path = FBNotification.m; sourceTree = "<group>"; };
		93533C9110179981002C6CBD /* ApplicationController.h */ = {isa = PBXFileReference; fileEncoding = 4; lastKnownFileType = sourcecode.c.h; path = ApplicationController.h; sourceTree = "<group>"; };
		93533C9210179981002C6CBD /* ApplicationController.m */ = {isa = PBXFileReference; fileEncoding = 4; lastKnownFileType = sourcecode.c.objc; path = ApplicationController.m; sourceTree = "<group>"; };
		93533ECD1017AD0C002C6CBD /* FBCocoa.xcodeproj */ = {isa = PBXFileReference; lastKnownFileType = "wrapper.pb-project"; name = FBCocoa.xcodeproj; path = "../fb-cocoa/FBCocoa.xcodeproj"; sourceTree = SOURCE_ROOT; };
		935340451017F5CB002C6CBD /* QuartzCore.framework */ = {isa = PBXFileReference; lastKnownFileType = wrapper.framework; name = QuartzCore.framework; path = System/Library/Frameworks/QuartzCore.framework; sourceTree = SDKROOT; };
		935340E71018CCAF002C6CBD /* ApplicationServices.framework */ = {isa = PBXFileReference; lastKnownFileType = wrapper.framework; name = ApplicationServices.framework; path = System/Library/Frameworks/ApplicationServices.framework; sourceTree = SDKROOT; };
		9353430310192BB1002C6CBD /* BubbleWindow.h */ = {isa = PBXFileReference; fileEncoding = 4; lastKnownFileType = sourcecode.c.h; path = BubbleWindow.h; sourceTree = "<group>"; };
		9353430410192BB1002C6CBD /* BubbleWindow.m */ = {isa = PBXFileReference; fileEncoding = 4; lastKnownFileType = sourcecode.c.objc; path = BubbleWindow.m; sourceTree = "<group>"; };
		9353434310192D17002C6CBD /* BubbleView.h */ = {isa = PBXFileReference; fileEncoding = 4; lastKnownFileType = sourcecode.c.h; path = BubbleView.h; sourceTree = "<group>"; };
		9353434410192D17002C6CBD /* BubbleView.m */ = {isa = PBXFileReference; fileEncoding = 4; lastKnownFileType = sourcecode.c.objc; path = BubbleView.m; sourceTree = "<group>"; };
		935344EB101A253B002C6CBD /* BubbleManager.h */ = {isa = PBXFileReference; fileEncoding = 4; lastKnownFileType = sourcecode.c.h; path = BubbleManager.h; sourceTree = "<group>"; };
		935344EC101A253B002C6CBD /* BubbleManager.m */ = {isa = PBXFileReference; fileEncoding = 4; lastKnownFileType = sourcecode.c.objc; path = BubbleManager.m; sourceTree = "<group>"; };
		93E197C910338BFA00CC8789 /* GlobalSession.h */ = {isa = PBXFileReference; fileEncoding = 4; lastKnownFileType = sourcecode.c.h; path = GlobalSession.h; sourceTree = "<group>"; };
/* End PBXFileReference section */

/* Begin PBXFrameworksBuildPhase section */
		8D11072E0486CEB800E47090 /* Frameworks */ = {
			isa = PBXFrameworksBuildPhase;
			buildActionMask = 2147483647;
			files = (
				93533ED51017AD32002C6CBD /* FBCocoa.framework in Frameworks */,
				8D11072F0486CEB800E47090 /* Cocoa.framework in Frameworks */,
				935340461017F5CB002C6CBD /* QuartzCore.framework in Frameworks */,
				935340E81018CCAF002C6CBD /* ApplicationServices.framework in Frameworks */,
			);
			runOnlyForDeploymentPostprocessing = 0;
		};
/* End PBXFrameworksBuildPhase section */

/* Begin PBXGroup section */
		080E96DDFE201D6D7F000001 /* Classes */ = {
			isa = PBXGroup;
			children = (
				53F6FB031020EFFD00CAE806 /* secret.h */,
				93E197C910338BFA00CC8789 /* GlobalSession.h */,
				931F2013101E7A5F00ED25F6 /* FBNotification.h */,
				931F2014101E7A5F00ED25F6 /* FBNotification.m */,
				93533C9110179981002C6CBD /* ApplicationController.h */,
				93533C9210179981002C6CBD /* ApplicationController.m */,
				935344EB101A253B002C6CBD /* BubbleManager.h */,
				935344EC101A253B002C6CBD /* BubbleManager.m */,
				9353430310192BB1002C6CBD /* BubbleWindow.h */,
				9353430410192BB1002C6CBD /* BubbleWindow.m */,
				9353434310192D17002C6CBD /* BubbleView.h */,
				9353434410192D17002C6CBD /* BubbleView.m */,
				53F6FCD3102136A300CAE806 /* MenuManager.h */,
				53F6FCD4102136A300CAE806 /* MenuManager.m */,
				53F6FDE910215E4000CAE806 /* NotificationManager.h */,
				53F6FDEA10215E4000CAE806 /* NotificationManager.m */,
				53F6029A1021CD5600CAE806 /* NotificationResponder.h */,
				531849EA1033D2FE00C0FFA4 /* BubbleDimensions.h */,
				53184B5E1034147900C0FFA4 /* StatusUpdateWindow.h */,
				53184B5F1034147900C0FFA4 /* StatusUpdateWindow.m */,
			);
			name = Classes;
			sourceTree = "<group>";
		};
		1058C7A0FEA54F0111CA2CBB /* Linked Frameworks */ = {
			isa = PBXGroup;
			children = (
				935340451017F5CB002C6CBD /* QuartzCore.framework */,
				1058C7A1FEA54F0111CA2CBB /* Cocoa.framework */,
				935340E71018CCAF002C6CBD /* ApplicationServices.framework */,
			);
			name = "Linked Frameworks";
			sourceTree = "<group>";
		};
		1058C7A2FEA54F0111CA2CBB /* Other Frameworks */ = {
			isa = PBXGroup;
			children = (
				29B97324FDCFA39411CA2CEA /* AppKit.framework */,
				13E42FB307B3F0F600E4EEF1 /* CoreData.framework */,
				29B97325FDCFA39411CA2CEA /* Foundation.framework */,
			);
			name = "Other Frameworks";
			sourceTree = "<group>";
		};
		19C28FACFE9D520D11CA2CBB /* Products */ = {
			isa = PBXGroup;
			children = (
				8D1107320486CEB800E47090 /* Facebook Notifications.app */,
			);
			name = Products;
			sourceTree = "<group>";
		};
		29B97314FDCFA39411CA2CEA /* Facebook */ = {
			isa = PBXGroup;
			children = (
				53700DFC101E7C6300BAD55B /* Categories */,
				93533ECD1017AD0C002C6CBD /* FBCocoa.xcodeproj */,
				080E96DDFE201D6D7F000001 /* Classes */,
				29B97315FDCFA39411CA2CEA /* Other Sources */,
				29B97317FDCFA39411CA2CEA /* Resources */,
				29B97323FDCFA39411CA2CEA /* Frameworks */,
				19C28FACFE9D520D11CA2CBB /* Products */,
			);
			name = Facebook;
			sourceTree = "<group>";
		};
		29B97315FDCFA39411CA2CEA /* Other Sources */ = {
			isa = PBXGroup;
			children = (
				32CA4F630368D1EE00C91783 /* Facebook_Prefix.pch */,
				29B97316FDCFA39411CA2CEA /* main.m */,
			);
			name = "Other Sources";
			sourceTree = "<group>";
		};
		29B97317FDCFA39411CA2CEA /* Resources */ = {
			isa = PBXGroup;
			children = (
				53184B56103412FF00C0FFA4 /* status.xib */,
				53F6FCA1102133FA00CAE806 /* Icons */,
				8D1107310486CEB800E47090 /* Info.plist */,
				089C165CFE840E0CC02AAC07 /* InfoPlist.strings */,
				1DDD58140DA1D0A300B32029 /* MainMenu.xib */,
			);
			name = Resources;
			sourceTree = "<group>";
		};
		29B97323FDCFA39411CA2CEA /* Frameworks */ = {
			isa = PBXGroup;
			children = (
				1058C7A0FEA54F0111CA2CBB /* Linked Frameworks */,
				1058C7A2FEA54F0111CA2CBB /* Other Frameworks */,
			);
			name = Frameworks;
			sourceTree = "<group>";
		};
		53700DFC101E7C6300BAD55B /* Categories */ = {
			isa = PBXGroup;
			children = (
				53700DFB101E7C1300BAD55B /* NSString-XML.h */,
				53700DFD101E7C8C00BAD55B /* NSString-XML.m */,
			);
			name = Categories;
			sourceTree = "<group>";
		};
		53F6FCA1102133FA00CAE806 /* Icons */ = {
			isa = PBXGroup;
			children = (
				53184909103394CA00C0FFA4 /* notifications.png */,
				531848FB1033920400C0FFA4 /* profile.png */,
				531848CC1033858C00C0FFA4 /* newsfeed.png */,
				53F600EF1021B13A00CAE806 /* bullet.png */,
				53F6FCBC1021356600CAE806 /* fb_empty.png */,
				53F6FCBA1021355C00CAE806 /* fb_active.png */,
				53F6FCB81021355700CAE806 /* fb_full.png */,
			);
			name = Icons;
			sourceTree = "<group>";
		};
		93533ECE1017AD0C002C6CBD /* Products */ = {
			isa = PBXGroup;
			children = (
				93533ED21017AD0C002C6CBD /* FBCocoa.framework */,
			);
			name = Products;
			sourceTree = "<group>";
		};
/* End PBXGroup section */

/* Begin PBXNativeTarget section */
		8D1107260486CEB800E47090 /* Facebook */ = {
			isa = PBXNativeTarget;
			buildConfigurationList = C01FCF4A08A954540054247B /* Build configuration list for PBXNativeTarget "Facebook" */;
			buildPhases = (
				8D1107290486CEB800E47090 /* Resources */,
				8D11072C0486CEB800E47090 /* Sources */,
				8D11072E0486CEB800E47090 /* Frameworks */,
				93533EA01017A9E1002C6CBD /* CopyFiles */,
			);
			buildRules = (
			);
			dependencies = (
				93533ED41017AD28002C6CBD /* PBXTargetDependency */,
			);
			name = Facebook;
			productInstallPath = "$(HOME)/Applications";
			productName = Facebook;
			productReference = 8D1107320486CEB800E47090 /* Facebook Notifications.app */;
			productType = "com.apple.product-type.application";
		};
/* End PBXNativeTarget section */

/* Begin PBXProject section */
		29B97313FDCFA39411CA2CEA /* Project object */ = {
			isa = PBXProject;
			buildConfigurationList = C01FCF4E08A954540054247B /* Build configuration list for PBXProject "Facebook" */;
			compatibilityVersion = "Xcode 3.1";
			hasScannedForEncodings = 1;
			mainGroup = 29B97314FDCFA39411CA2CEA /* Facebook */;
			projectDirPath = "";
			projectReferences = (
				{
					ProductGroup = 93533ECE1017AD0C002C6CBD /* Products */;
					ProjectRef = 93533ECD1017AD0C002C6CBD /* FBCocoa.xcodeproj */;
				},
			);
			projectRoot = "";
			targets = (
				8D1107260486CEB800E47090 /* Facebook */,
			);
		};
/* End PBXProject section */

/* Begin PBXReferenceProxy section */
		93533ED21017AD0C002C6CBD /* FBCocoa.framework */ = {
			isa = PBXReferenceProxy;
			fileType = wrapper.framework;
			path = FBCocoa.framework;
			remoteRef = 93533ED11017AD0C002C6CBD /* PBXContainerItemProxy */;
			sourceTree = BUILT_PRODUCTS_DIR;
		};
/* End PBXReferenceProxy section */

/* Begin PBXResourcesBuildPhase section */
		8D1107290486CEB800E47090 /* Resources */ = {
			isa = PBXResourcesBuildPhase;
			buildActionMask = 2147483647;
			files = (
				8D11072B0486CEB800E47090 /* InfoPlist.strings in Resources */,
				1DDD58160DA1D0A300B32029 /* MainMenu.xib in Resources */,
				53F6FCB91021355700CAE806 /* fb_full.png in Resources */,
				53F6FCBB1021355C00CAE806 /* fb_active.png in Resources */,
				53F6FCBD1021356600CAE806 /* fb_empty.png in Resources */,
				53F600F01021B13A00CAE806 /* bullet.png in Resources */,
				531848CD1033858C00C0FFA4 /* newsfeed.png in Resources */,
				531848FC1033920400C0FFA4 /* profile.png in Resources */,
				5318490A103394CA00C0FFA4 /* notifications.png in Resources */,
				53184B57103412FF00C0FFA4 /* status.xib in Resources */,
			);
			runOnlyForDeploymentPostprocessing = 0;
		};
/* End PBXResourcesBuildPhase section */

/* Begin PBXSourcesBuildPhase section */
		8D11072C0486CEB800E47090 /* Sources */ = {
			isa = PBXSourcesBuildPhase;
			buildActionMask = 2147483647;
			files = (
				8D11072D0486CEB800E47090 /* main.m in Sources */,
				93533C9310179981002C6CBD /* ApplicationController.m in Sources */,
				9353430510192BB1002C6CBD /* BubbleWindow.m in Sources */,
				9353434510192D17002C6CBD /* BubbleView.m in Sources */,
				935344ED101A253B002C6CBD /* BubbleManager.m in Sources */,
				53700DFE101E7C8C00BAD55B /* NSString-XML.m in Sources */,
				931F2015101E7A5F00ED25F6 /* FBNotification.m in Sources */,
				53F6FCD5102136A300CAE806 /* MenuManager.m in Sources */,
				53F6FDEB10215E4000CAE806 /* NotificationManager.m in Sources */,
				53184B601034147900C0FFA4 /* StatusUpdateWindow.m in Sources */,
			);
			runOnlyForDeploymentPostprocessing = 0;
		};
/* End PBXSourcesBuildPhase section */

/* Begin PBXTargetDependency section */
		93533ED41017AD28002C6CBD /* PBXTargetDependency */ = {
			isa = PBXTargetDependency;
			name = FBCocoa;
			targetProxy = 93533ED31017AD28002C6CBD /* PBXContainerItemProxy */;
		};
/* End PBXTargetDependency section */

/* Begin PBXVariantGroup section */
		089C165CFE840E0CC02AAC07 /* InfoPlist.strings */ = {
			isa = PBXVariantGroup;
			children = (
				089C165DFE840E0CC02AAC07 /* English */,
			);
			name = InfoPlist.strings;
			sourceTree = "<group>";
		};
		1DDD58140DA1D0A300B32029 /* MainMenu.xib */ = {
			isa = PBXVariantGroup;
			children = (
				1DDD58150DA1D0A300B32029 /* English */,
			);
			name = MainMenu.xib;
			sourceTree = "<group>";
		};
/* End PBXVariantGroup section */

/* Begin XCBuildConfiguration section */
		C01FCF4B08A954540054247B /* Debug */ = {
			isa = XCBuildConfiguration;
			buildSettings = {
				ALWAYS_SEARCH_USER_PATHS = NO;
				COPY_PHASE_STRIP = NO;
				FRAMEWORK_SEARCH_PATHS = (
					"$(inherited)",
					"\"$(SRCROOT)/../fb-cocoa/build/Debug\"",
				);
				GCC_DYNAMIC_NO_PIC = NO;
				GCC_ENABLE_FIX_AND_CONTINUE = YES;
				GCC_MODEL_TUNING = G5;
				GCC_OPTIMIZATION_LEVEL = 0;
				GCC_PRECOMPILE_PREFIX_HEADER = YES;
				GCC_PREFIX_HEADER = Facebook_Prefix.pch;
				INFOPLIST_FILE = Info.plist;
				INSTALL_PATH = "$(HOME)/Applications";
				PRODUCT_NAME = "Facebook Notifications";
			};
			name = Debug;
		};
		C01FCF4C08A954540054247B /* Release */ = {
			isa = XCBuildConfiguration;
			buildSettings = {
				ALWAYS_SEARCH_USER_PATHS = NO;
				DEBUG_INFORMATION_FORMAT = "dwarf-with-dsym";
				FRAMEWORK_SEARCH_PATHS = (
					"$(inherited)",
					"\"$(SRCROOT)/../fb-cocoa/build/Debug\"",
				);
				GCC_MODEL_TUNING = G5;
				GCC_PRECOMPILE_PREFIX_HEADER = YES;
				GCC_PREFIX_HEADER = Facebook_Prefix.pch;
				INFOPLIST_FILE = Info.plist;
				INSTALL_PATH = "$(HOME)/Applications";
				PRODUCT_NAME = "Facebook Notifications";
			};
			name = Release;
		};
		C01FCF4F08A954540054247B /* Debug */ = {
			isa = XCBuildConfiguration;
			buildSettings = {
				ARCHS = "$(ARCHS_STANDARD_32_BIT)";
				GCC_C_LANGUAGE_STANDARD = c99;
				GCC_OPTIMIZATION_LEVEL = 0;
				GCC_WARN_ABOUT_RETURN_TYPE = YES;
				GCC_WARN_UNUSED_VARIABLE = YES;
				ONLY_ACTIVE_ARCH = YES;
				PREBINDING = NO;
				SDKROOT = macosx10.5;
			};
			name = Debug;
		};
		C01FCF5008A954540054247B /* Release */ = {
			isa = XCBuildConfiguration;
			buildSettings = {
				ARCHS = "$(ARCHS_STANDARD_32_BIT)";
				GCC_C_LANGUAGE_STANDARD = c99;
				GCC_WARN_ABOUT_RETURN_TYPE = YES;
				GCC_WARN_UNUSED_VARIABLE = YES;
				PREBINDING = NO;
				SDKROOT = macosx10.5;
			};
			name = Release;
		};
/* End XCBuildConfiguration section */

/* Begin XCConfigurationList section */
		C01FCF4A08A954540054247B /* Build configuration list for PBXNativeTarget "Facebook" */ = {
			isa = XCConfigurationList;
			buildConfigurations = (
				C01FCF4B08A954540054247B /* Debug */,
				C01FCF4C08A954540054247B /* Release */,
			);
			defaultConfigurationIsVisible = 0;
			defaultConfigurationName = Release;
		};
		C01FCF4E08A954540054247B /* Build configuration list for PBXProject "Facebook" */ = {
			isa = XCConfigurationList;
			buildConfigurations = (
				C01FCF4F08A954540054247B /* Debug */,
				C01FCF5008A954540054247B /* Release */,
			);
			defaultConfigurationIsVisible = 0;
			defaultConfigurationName = Release;
		};
/* End XCConfigurationList section */
	};
	rootObject = 29B97313FDCFA39411CA2CEA /* Project object */;
}
